
Microsoft Visual Studio Solution File, Format Version 12.00
# Visual Studio 15
VisualStudioVersion = 15.0.28010.2026
MinimumVisualStudioVersion = 10.0.40219.1
Project("{FAE04EC0-301F-11D3-BF4B-00C04F79EFBC}") = "ZooOOP", "OOP\ZooOOP.csproj", "{C086961A-DEE4-44D9-82B4-1F78C622FDFB}"
EndProject
Global
	GlobalSection(SolutionConfigurationPlatforms) = preSolution
		Debug|Any CPU = Debug|Any CPU
		Release|Any CPU = Release|Any CPU
	EndGlobalSection
	GlobalSection(ProjectConfigurationPlatforms) = postSolution
		{C086961A-DEE4-44D9-82B4-1F78C622FDFB}.Debug|Any CPU.ActiveCfg = Debug|Any CPU
		{C086961A-DEE4-44D9-82B4-1F78C622FDFB}.Debug|Any CPU.Build.0 = Debug|Any CPU
		{C086961A-DEE4-44D9-82B4-1F78C622FDFB}.Release|Any CPU.ActiveCfg = Release|Any CPU
		{C086961A-DEE4-44D9-82B4-1F78C622FDFB}.Release|Any CPU.Build.0 = Release|Any CPU
	EndGlobalSection
	GlobalSection(SolutionProperties) = preSolution
		HideSolutionNode = FALSE
	EndGlobalSection
	GlobalSection(ExtensibilityGlobals) = postSolution
		SolutionGuid = {C0180D2C-8173-49E0-AA5D-0A3184B82D75}
	EndGlobalSection
EndGlobal
